
Microsoft Visual Studio Solution File, Format Version 12.00
# Visual Studio Version 17
VisualStudioVersion = 17.9.34714.143
MinimumVisualStudioVersion = 10.0.40219.1
Project("{FAE04EC0-301F-11D3-BF4B-00C04F79EFBC}") = "HostelManagement", "HostelManagement\HostelManagement.csproj", "{D0FBEF2D-B514-48AD-829B-9B477EDF19FF}"
EndProject
Global
	GlobalSection(SolutionConfigurationPlatforms) = preSolution
		Debug|Any CPU = Debug|Any CPU
		Release|Any CPU = Release|Any CPU
	EndGlobalSection
	GlobalSection(ProjectConfigurationPlatforms) = postSolution
		{D0FBEF2D-B514-48AD-829B-9B477EDF19FF}.Debug|Any CPU.ActiveCfg = Debug|Any CPU
		{D0FBEF2D-B514-48AD-829B-9B477EDF19FF}.Debug|Any CPU.Build.0 = Debug|Any CPU
		{D0FBEF2D-B514-48AD-829B-9B477EDF19FF}.Release|Any CPU.ActiveCfg = Release|Any CPU
		{D0FBEF2D-B514-48AD-829B-9B477EDF19FF}.Release|Any CPU.Build.0 = Release|Any CPU
	EndGlobalSection
	GlobalSection(SolutionProperties) = preSolution
		HideSolutionNode = FALSE
	EndGlobalSection
	GlobalSection(ExtensibilityGlobals) = postSolution
		SolutionGuid = {7964AE60-1707-41C0-AF5A-DBEE8C474A22}
	EndGlobalSection
EndGlobal
